
Microsoft Visual Studio Solution File, Format Version 12.00
# Visual Studio 2015
Project("{FAE04EC0-301F-11D3-BF4B-00C04F79EFBC}") = "Project2018", "Project2018.csproj", "{2AE8056C-AA27-E76D-9C0C-37BD44549E79}"
EndProject
Project("{FAE04EC0-301F-11D3-BF4B-00C04F79EFBC}") = "Project2018.Editor", "Project2018.Editor.csproj", "{29350F46-DCDE-34EC-53F6-3B3038A69186}"
EndProject
Global
	GlobalSection(SolutionConfigurationPlatforms) = preSolution
		Debug|Any CPU = Debug|Any CPU
		Release|Any CPU = Release|Any CPU
	EndGlobalSection
	GlobalSection(ProjectConfigurationPlatforms) = postSolution
		{2AE8056C-AA27-E76D-9C0C-37BD44549E79}.Debug|Any CPU.ActiveCfg = Debug|Any CPU
		{2AE8056C-AA27-E76D-9C0C-37BD44549E79}.Debug|Any CPU.Build.0 = Debug|Any CPU
		{2AE8056C-AA27-E76D-9C0C-37BD44549E79}.Release|Any CPU.ActiveCfg = Release|Any CPU
		{2AE8056C-AA27-E76D-9C0C-37BD44549E79}.Release|Any CPU.Build.0 = Release|Any CPU
		{29350F46-DCDE-34EC-53F6-3B3038A69186}.Debug|Any CPU.ActiveCfg = Debug|Any CPU
		{29350F46-DCDE-34EC-53F6-3B3038A69186}.Debug|Any CPU.Build.0 = Debug|Any CPU
		{29350F46-DCDE-34EC-53F6-3B3038A69186}.Release|Any CPU.ActiveCfg = Release|Any CPU
		{29350F46-DCDE-34EC-53F6-3B3038A69186}.Release|Any CPU.Build.0 = Release|Any CPU
	EndGlobalSection
	GlobalSection(SolutionProperties) = preSolution
		HideSolutionNode = FALSE
	EndGlobalSection
EndGlobal
